// !$*UTF8*$!
{
	archiveVersion = 1;
	classes = {
	};
	objectVersion = 46;
	objects = {

/* Begin PBXBuildFile section */
		60050C961BEEA39000581CC3 /* TweetDetailViewController.m in Sources */ = {isa = PBXBuildFile; fileRef = 60050C941BEEA39000581CC3 /* TweetDetailViewController.m */; };
		60050C971BEEA39000581CC3 /* TweetDetailViewController.xib in Resources */ = {isa = PBXBuildFile; fileRef = 60050C951BEEA39000581CC3 /* TweetDetailViewController.xib */; };
		60050C9C1BEEE17300581CC3 /* ComposeViewController.m in Sources */ = {isa = PBXBuildFile; fileRef = 60050C9A1BEEE17300581CC3 /* ComposeViewController.m */; };
		60050C9D1BEEE17300581CC3 /* ComposeViewController.xib in Resources */ = {isa = PBXBuildFile; fileRef = 60050C9B1BEEE17300581CC3 /* ComposeViewController.xib */; };
		602495851BE88D360048A457 /* main.m in Sources */ = {isa = PBXBuildFile; fileRef = 602495841BE88D360048A457 /* main.m */; };
		602495881BE88D360048A457 /* AppDelegate.m in Sources */ = {isa = PBXBuildFile; fileRef = 602495871BE88D360048A457 /* AppDelegate.m */; };
		602495901BE88D360048A457 /* Assets.xcassets in Resources */ = {isa = PBXBuildFile; fileRef = 6024958F1BE88D360048A457 /* Assets.xcassets */; };
		602495931BE88D360048A457 /* LaunchScreen.storyboard in Resources */ = {isa = PBXBuildFile; fileRef = 602495911BE88D360048A457 /* LaunchScreen.storyboard */; };
		6024959E1BE88D370048A457 /* MattwitterTests.m in Sources */ = {isa = PBXBuildFile; fileRef = 6024959D1BE88D370048A457 /* MattwitterTests.m */; };
		602495A91BE88D370048A457 /* MattwitterUITests.m in Sources */ = {isa = PBXBuildFile; fileRef = 602495A81BE88D370048A457 /* MattwitterUITests.m */; };
		602495BC1BE88EB50048A457 /* LoginViewController.m in Sources */ = {isa = PBXBuildFile; fileRef = 602495BA1BE88EB50048A457 /* LoginViewController.m */; };
		602495BD1BE88EB50048A457 /* LoginViewController.xib in Resources */ = {isa = PBXBuildFile; fileRef = 602495BB1BE88EB50048A457 /* LoginViewController.xib */; };
		602495C01BE88FEE0048A457 /* TwitterClient.m in Sources */ = {isa = PBXBuildFile; fileRef = 602495BF1BE88FEE0048A457 /* TwitterClient.m */; };
		602495C41BE960A60048A457 /* Tweet.m in Sources */ = {isa = PBXBuildFile; fileRef = 602495C31BE960A60048A457 /* Tweet.m */; };
		602495C71BE960BC0048A457 /* User.m in Sources */ = {isa = PBXBuildFile; fileRef = 602495C61BE960BC0048A457 /* User.m */; };
		602495CB1BEB205C0048A457 /* TweetsViewController.m in Sources */ = {isa = PBXBuildFile; fileRef = 602495C91BEB205C0048A457 /* TweetsViewController.m */; };
		602495CC1BEB205C0048A457 /* TweetsViewController.xib in Resources */ = {isa = PBXBuildFile; fileRef = 602495CA1BEB205C0048A457 /* TweetsViewController.xib */; };
		602495D01BEB3FE90048A457 /* TweetCell.m in Sources */ = {isa = PBXBuildFile; fileRef = 602495CE1BEB3FE90048A457 /* TweetCell.m */; };
		602495D11BEB3FE90048A457 /* TweetCell.xib in Resources */ = {isa = PBXBuildFile; fileRef = 602495CF1BEB3FE90048A457 /* TweetCell.xib */; };
		DB48D2526931996EB113D145 /* libPods.a in Frameworks */ = {isa = PBXBuildFile; fileRef = C931F886C675405E065E238E /* libPods.a */; };
/* End PBXBuildFile section */

/* Begin PBXContainerItemProxy section */
		6024959A1BE88D370048A457 /* PBXContainerItemProxy */ = {
			isa = PBXContainerItemProxy;
			containerPortal = 602495781BE88D360048A457 /* Project object */;
			proxyType = 1;
			remoteGlobalIDString = 6024957F1BE88D360048A457;
			remoteInfo = Mattwitter;
		};
		602495A51BE88D370048A457 /* PBXContainerItemProxy */ = {
			isa = PBXContainerItemProxy;
			containerPortal = 602495781BE88D360048A457 /* Project object */;
			proxyType = 1;
			remoteGlobalIDString = 6024957F1BE88D360048A457;
			remoteInfo = Mattwitter;
		};
/* End PBXContainerItemProxy section */

/* Begin PBXFileReference section */
		60050C931BEEA38F00581CC3 /* TweetDetailViewController.h */ = {isa = PBXFileReference; fileEncoding = 4; lastKnownFileType = sourcecode.c.h; path = TweetDetailViewController.h; sourceTree = "<group>"; };
		60050C941BEEA39000581CC3 /* TweetDetailViewController.m */ = {isa = PBXFileReference; fileEncoding = 4; lastKnownFileType = sourcecode.c.objc; path = TweetDetailViewController.m; sourceTree = "<group>"; };
		60050C951BEEA39000581CC3 /* TweetDetailViewController.xib */ = {isa = PBXFileReference; fileEncoding = 4; lastKnownFileType = file.xib; path = TweetDetailViewController.xib; sourceTree = "<group>"; };
		60050C991BEEE17300581CC3 /* ComposeViewController.h */ = {isa = PBXFileReference; fileEncoding = 4; lastKnownFileType = sourcecode.c.h; path = ComposeViewController.h; sourceTree = "<group>"; };
		60050C9A1BEEE17300581CC3 /* ComposeViewController.m */ = {isa = PBXFileReference; fileEncoding = 4; lastKnownFileType = sourcecode.c.objc; path = ComposeViewController.m; sourceTree = "<group>"; };
		60050C9B1BEEE17300581CC3 /* ComposeViewController.xib */ = {isa = PBXFileReference; fileEncoding = 4; lastKnownFileType = file.xib; path = ComposeViewController.xib; sourceTree = "<group>"; };
		602495801BE88D360048A457 /* Mattwitter.app */ = {isa = PBXFileReference; explicitFileType = wrapper.application; includeInIndex = 0; path = Mattwitter.app; sourceTree = BUILT_PRODUCTS_DIR; };
		602495841BE88D360048A457 /* main.m */ = {isa = PBXFileReference; lastKnownFileType = sourcecode.c.objc; path = main.m; sourceTree = "<group>"; };
		602495861BE88D360048A457 /* AppDelegate.h */ = {isa = PBXFileReference; lastKnownFileType = sourcecode.c.h; path = AppDelegate.h; sourceTree = "<group>"; };
		602495871BE88D360048A457 /* AppDelegate.m */ = {isa = PBXFileReference; lastKnownFileType = sourcecode.c.objc; path = AppDelegate.m; sourceTree = "<group>"; };
		6024958F1BE88D360048A457 /* Assets.xcassets */ = {isa = PBXFileReference; lastKnownFileType = folder.assetcatalog; path = Assets.xcassets; sourceTree = "<group>"; };
		602495921BE88D360048A457 /* Base */ = {isa = PBXFileReference; lastKnownFileType = file.storyboard; name = Base; path = Base.lproj/LaunchScreen.storyboard; sourceTree = "<group>"; };
		602495941BE88D360048A457 /* Info.plist */ = {isa = PBXFileReference; lastKnownFileType = text.plist.xml; path = Info.plist; sourceTree = "<group>"; };
		602495991BE88D370048A457 /* MattwitterTests.xctest */ = {isa = PBXFileReference; explicitFileType = wrapper.cfbundle; includeInIndex = 0; path = MattwitterTests.xctest; sourceTree = BUILT_PRODUCTS_DIR; };
		6024959D1BE88D370048A457 /* MattwitterTests.m */ = {isa = PBXFileReference; lastKnownFileType = sourcecode.c.objc; path = MattwitterTests.m; sourceTree = "<group>"; };
		6024959F1BE88D370048A457 /* Info.plist */ = {isa = PBXFileReference; lastKnownFileType = text.plist.xml; path = Info.plist; sourceTree = "<group>"; };
		602495A41BE88D370048A457 /* MattwitterUITests.xctest */ = {isa = PBXFileReference; explicitFileType = wrapper.cfbundle; includeInIndex = 0; path = MattwitterUITests.xctest; sourceTree = BUILT_PRODUCTS_DIR; };
		602495A81BE88D370048A457 /* MattwitterUITests.m */ = {isa = PBXFileReference; lastKnownFileType = sourcecode.c.objc; path = MattwitterUITests.m; sourceTree = "<group>"; };
		602495AA1BE88D370048A457 /* Info.plist */ = {isa = PBXFileReference; lastKnownFileType = text.plist.xml; path = Info.plist; sourceTree = "<group>"; };
		602495B91BE88EB50048A457 /* LoginViewController.h */ = {isa = PBXFileReference; fileEncoding = 4; lastKnownFileType = sourcecode.c.h; path = LoginViewController.h; sourceTree = "<group>"; };
		602495BA1BE88EB50048A457 /* LoginViewController.m */ = {isa = PBXFileReference; fileEncoding = 4; lastKnownFileType = sourcecode.c.objc; path = LoginViewController.m; sourceTree = "<group>"; };
		602495BB1BE88EB50048A457 /* LoginViewController.xib */ = {isa = PBXFileReference; fileEncoding = 4; lastKnownFileType = file.xib; path = LoginViewController.xib; sourceTree = "<group>"; };
		602495BE1BE88FEE0048A457 /* TwitterClient.h */ = {isa = PBXFileReference; fileEncoding = 4; lastKnownFileType = sourcecode.c.h; path = TwitterClient.h; sourceTree = "<group>"; };
		602495BF1BE88FEE0048A457 /* TwitterClient.m */ = {isa = PBXFileReference; fileEncoding = 4; lastKnownFileType = sourcecode.c.objc; path = TwitterClient.m; sourceTree = "<group>"; };
		602495C21BE960A60048A457 /* Tweet.h */ = {isa = PBXFileReference; fileEncoding = 4; lastKnownFileType = sourcecode.c.h; path = Tweet.h; sourceTree = "<group>"; };
		602495C31BE960A60048A457 /* Tweet.m */ = {isa = PBXFileReference; fileEncoding = 4; lastKnownFileType = sourcecode.c.objc; path = Tweet.m; sourceTree = "<group>"; };
		602495C51BE960BC0048A457 /* User.h */ = {isa = PBXFileReference; fileEncoding = 4; lastKnownFileType = sourcecode.c.h; path = User.h; sourceTree = "<group>"; };
		602495C61BE960BC0048A457 /* User.m */ = {isa = PBXFileReference; fileEncoding = 4; lastKnownFileType = sourcecode.c.objc; path = User.m; sourceTree = "<group>"; };
		602495C81BEB205C0048A457 /* TweetsViewController.h */ = {isa = PBXFileReference; fileEncoding = 4; lastKnownFileType = sourcecode.c.h; path = TweetsViewController.h; sourceTree = "<group>"; };
		602495C91BEB205C0048A457 /* TweetsViewController.m */ = {isa = PBXFileReference; fileEncoding = 4; lastKnownFileType = sourcecode.c.objc; path = TweetsViewController.m; sourceTree = "<group>"; };
		602495CA1BEB205C0048A457 /* TweetsViewController.xib */ = {isa = PBXFileReference; fileEncoding = 4; lastKnownFileType = file.xib; path = TweetsViewController.xib; sourceTree = "<group>"; };
		602495CD1BEB3FE90048A457 /* TweetCell.h */ = {isa = PBXFileReference; fileEncoding = 4; lastKnownFileType = sourcecode.c.h; path = TweetCell.h; sourceTree = "<group>"; };
		602495CE1BEB3FE90048A457 /* TweetCell.m */ = {isa = PBXFileReference; fileEncoding = 4; lastKnownFileType = sourcecode.c.objc; path = TweetCell.m; sourceTree = "<group>"; };
		602495CF1BEB3FE90048A457 /* TweetCell.xib */ = {isa = PBXFileReference; fileEncoding = 4; lastKnownFileType = file.xib; path = TweetCell.xib; sourceTree = "<group>"; };
		ABB8EF6A1A1FD3CAB20C8AFB /* Pods.release.xcconfig */ = {isa = PBXFileReference; includeInIndex = 1; lastKnownFileType = text.xcconfig; name = Pods.release.xcconfig; path = "Pods/Target Support Files/Pods/Pods.release.xcconfig"; sourceTree = "<group>"; };
		BA625AF9EC68DE0C2E8A5484 /* Pods.debug.xcconfig */ = {isa = PBXFileReference; includeInIndex = 1; lastKnownFileType = text.xcconfig; name = Pods.debug.xcconfig; path = "Pods/Target Support Files/Pods/Pods.debug.xcconfig"; sourceTree = "<group>"; };
		C931F886C675405E065E238E /* libPods.a */ = {isa = PBXFileReference; explicitFileType = archive.ar; includeInIndex = 0; path = libPods.a; sourceTree = BUILT_PRODUCTS_DIR; };
/* End PBXFileReference section */

/* Begin PBXFrameworksBuildPhase section */
		6024957D1BE88D360048A457 /* Frameworks */ = {
			isa = PBXFrameworksBuildPhase;
			buildActionMask = 2147483647;
			files = (
				DB48D2526931996EB113D145 /* libPods.a in Frameworks */,
			);
			runOnlyForDeploymentPostprocessing = 0;
		};
		602495961BE88D370048A457 /* Frameworks */ = {
			isa = PBXFrameworksBuildPhase;
			buildActionMask = 2147483647;
			files = (
			);
			runOnlyForDeploymentPostprocessing = 0;
		};
		602495A11BE88D370048A457 /* Frameworks */ = {
			isa = PBXFrameworksBuildPhase;
			buildActionMask = 2147483647;
			files = (
			);
			runOnlyForDeploymentPostprocessing = 0;
		};
/* End PBXFrameworksBuildPhase section */

/* Begin PBXGroup section */
		60050C981BEEA39700581CC3 /* ViewControllers */ = {
			isa = PBXGroup;
			children = (
				602495C81BEB205C0048A457 /* TweetsViewController.h */,
				602495C91BEB205C0048A457 /* TweetsViewController.m */,
				602495CA1BEB205C0048A457 /* TweetsViewController.xib */,
				60050C931BEEA38F00581CC3 /* TweetDetailViewController.h */,
				60050C941BEEA39000581CC3 /* TweetDetailViewController.m */,
				60050C951BEEA39000581CC3 /* TweetDetailViewController.xib */,
				602495B91BE88EB50048A457 /* LoginViewController.h */,
				602495BA1BE88EB50048A457 /* LoginViewController.m */,
				602495BB1BE88EB50048A457 /* LoginViewController.xib */,
				60050C991BEEE17300581CC3 /* ComposeViewController.h */,
				60050C9A1BEEE17300581CC3 /* ComposeViewController.m */,
				60050C9B1BEEE17300581CC3 /* ComposeViewController.xib */,
				602495CD1BEB3FE90048A457 /* TweetCell.h */,
				602495CE1BEB3FE90048A457 /* TweetCell.m */,
				602495CF1BEB3FE90048A457 /* TweetCell.xib */,
			);
			name = ViewControllers;
			sourceTree = "<group>";
		};
		602495771BE88D360048A457 = {
			isa = PBXGroup;
			children = (
				602495821BE88D360048A457 /* Mattwitter */,
				6024959C1BE88D370048A457 /* MattwitterTests */,
				602495A71BE88D370048A457 /* MattwitterUITests */,
				602495811BE88D360048A457 /* Products */,
				E5570379E6653DB5E98C1EBD /* Pods */,
				CDF0C48DAB9FF0391D78F71C /* Frameworks */,
			);
			sourceTree = "<group>";
		};
		602495811BE88D360048A457 /* Products */ = {
			isa = PBXGroup;
			children = (
				602495801BE88D360048A457 /* Mattwitter.app */,
				602495991BE88D370048A457 /* MattwitterTests.xctest */,
				602495A41BE88D370048A457 /* MattwitterUITests.xctest */,
			);
			name = Products;
			sourceTree = "<group>";
		};
		602495821BE88D360048A457 /* Mattwitter */ = {
			isa = PBXGroup;
			children = (
				60050C981BEEA39700581CC3 /* ViewControllers */,
				602495C11BE960680048A457 /* Models */,
				602495861BE88D360048A457 /* AppDelegate.h */,
				602495871BE88D360048A457 /* AppDelegate.m */,
				6024958F1BE88D360048A457 /* Assets.xcassets */,
				602495911BE88D360048A457 /* LaunchScreen.storyboard */,
				602495941BE88D360048A457 /* Info.plist */,
				602495831BE88D360048A457 /* Supporting Files */,
				602495BE1BE88FEE0048A457 /* TwitterClient.h */,
				602495BF1BE88FEE0048A457 /* TwitterClient.m */,
			);
			path = Mattwitter;
			sourceTree = "<group>";
		};
		602495831BE88D360048A457 /* Supporting Files */ = {
			isa = PBXGroup;
			children = (
				602495841BE88D360048A457 /* main.m */,
			);
			name = "Supporting Files";
			sourceTree = "<group>";
		};
		6024959C1BE88D370048A457 /* MattwitterTests */ = {
			isa = PBXGroup;
			children = (
				6024959D1BE88D370048A457 /* MattwitterTests.m */,
				6024959F1BE88D370048A457 /* Info.plist */,
			);
			path = MattwitterTests;
			sourceTree = "<group>";
		};
		602495A71BE88D370048A457 /* MattwitterUITests */ = {
			isa = PBXGroup;
			children = (
				602495A81BE88D370048A457 /* MattwitterUITests.m */,
				602495AA1BE88D370048A457 /* Info.plist */,
			);
			path = MattwitterUITests;
			sourceTree = "<group>";
		};
		602495C11BE960680048A457 /* Models */ = {
			isa = PBXGroup;
			children = (
				602495C21BE960A60048A457 /* Tweet.h */,
				602495C31BE960A60048A457 /* Tweet.m */,
				602495C51BE960BC0048A457 /* User.h */,
				602495C61BE960BC0048A457 /* User.m */,
			);
			name = Models;
			sourceTree = "<group>";
		};
		CDF0C48DAB9FF0391D78F71C /* Frameworks */ = {
			isa = PBXGroup;
			children = (
				C931F886C675405E065E238E /* libPods.a */,
			);
			name = Frameworks;
			sourceTree = "<group>";
		};
		E5570379E6653DB5E98C1EBD /* Pods */ = {
			isa = PBXGroup;
			children = (
				BA625AF9EC68DE0C2E8A5484 /* Pods.debug.xcconfig */,
				ABB8EF6A1A1FD3CAB20C8AFB /* Pods.release.xcconfig */,
			);
			name = Pods;
			sourceTree = "<group>";
		};
/* End PBXGroup section */

/* Begin PBXNativeTarget section */
		6024957F1BE88D360048A457 /* Mattwitter */ = {
			isa = PBXNativeTarget;
			buildConfigurationList = 602495AD1BE88D370048A457 /* Build configuration list for PBXNativeTarget "Mattwitter" */;
			buildPhases = (
				732A8380DADFF8817882A316 /* Check Pods Manifest.lock */,
				6024957C1BE88D360048A457 /* Sources */,
				6024957D1BE88D360048A457 /* Frameworks */,
				6024957E1BE88D360048A457 /* Resources */,
				A4248F2C56E6CC28D9021671 /* Embed Pods Frameworks */,
				FF3B9830FC38B354F5B1DC8D /* Copy Pods Resources */,
			);
			buildRules = (
			);
			dependencies = (
			);
			name = Mattwitter;
			productName = Mattwitter;
			productReference = 602495801BE88D360048A457 /* Mattwitter.app */;
			productType = "com.apple.product-type.application";
		};
		602495981BE88D370048A457 /* MattwitterTests */ = {
			isa = PBXNativeTarget;
			buildConfigurationList = 602495B01BE88D370048A457 /* Build configuration list for PBXNativeTarget "MattwitterTests" */;
			buildPhases = (
				602495951BE88D370048A457 /* Sources */,
				602495961BE88D370048A457 /* Frameworks */,
				602495971BE88D370048A457 /* Resources */,
			);
			buildRules = (
			);
			dependencies = (
				6024959B1BE88D370048A457 /* PBXTargetDependency */,
			);
			name = MattwitterTests;
			productName = MattwitterTests;
			productReference = 602495991BE88D370048A457 /* MattwitterTests.xctest */;
			productType = "com.apple.product-type.bundle.unit-test";
		};
		602495A31BE88D370048A457 /* MattwitterUITests */ = {
			isa = PBXNativeTarget;
			buildConfigurationList = 602495B31BE88D370048A457 /* Build configuration list for PBXNativeTarget "MattwitterUITests" */;
			buildPhases = (
				602495A01BE88D370048A457 /* Sources */,
				602495A11BE88D370048A457 /* Frameworks */,
				602495A21BE88D370048A457 /* Resources */,
			);
			buildRules = (
			);
			dependencies = (
				602495A61BE88D370048A457 /* PBXTargetDependency */,
			);
			name = MattwitterUITests;
			productName = MattwitterUITests;
			productReference = 602495A41BE88D370048A457 /* MattwitterUITests.xctest */;
			productType = "com.apple.product-type.bundle.ui-testing";
		};
/* End PBXNativeTarget section */

/* Begin PBXProject section */
		602495781BE88D360048A457 /* Project object */ = {
			isa = PBXProject;
			attributes = {
				LastUpgradeCheck = 0710;
				ORGANIZATIONNAME = "Matias Arenas Sepulveda";
				TargetAttributes = {
					6024957F1BE88D360048A457 = {
						CreatedOnToolsVersion = 7.1;
						DevelopmentTeam = V4K8W32KL8;
					};
					602495981BE88D370048A457 = {
						CreatedOnToolsVersion = 7.1;
						DevelopmentTeam = V4K8W32KL8;
						TestTargetID = 6024957F1BE88D360048A457;
					};
					602495A31BE88D370048A457 = {
						CreatedOnToolsVersion = 7.1;
						DevelopmentTeam = V4K8W32KL8;
						TestTargetID = 6024957F1BE88D360048A457;
					};
				};
			};
			buildConfigurationList = 6024957B1BE88D360048A457 /* Build configuration list for PBXProject "Mattwitter" */;
			compatibilityVersion = "Xcode 3.2";
			developmentRegion = English;
			hasScannedForEncodings = 0;
			knownRegions = (
				en,
				Base,
			);
			mainGroup = 602495771BE88D360048A457;
			productRefGroup = 602495811BE88D360048A457 /* Products */;
			projectDirPath = "";
			projectRoot = "";
			targets = (
				6024957F1BE88D360048A457 /* Mattwitter */,
				602495981BE88D370048A457 /* MattwitterTests */,
				602495A31BE88D370048A457 /* MattwitterUITests */,
			);
		};
/* End PBXProject section */

/* Begin PBXResourcesBuildPhase section */
		6024957E1BE88D360048A457 /* Resources */ = {
			isa = PBXResourcesBuildPhase;
			buildActionMask = 2147483647;
			files = (
				602495CC1BEB205C0048A457 /* TweetsViewController.xib in Resources */,
				60050C971BEEA39000581CC3 /* TweetDetailViewController.xib in Resources */,
				602495D11BEB3FE90048A457 /* TweetCell.xib in Resources */,
				602495931BE88D360048A457 /* LaunchScreen.storyboard in Resources */,
				60050C9D1BEEE17300581CC3 /* ComposeViewController.xib in Resources */,
				602495901BE88D360048A457 /* Assets.xcassets in Resources */,
				602495BD1BE88EB50048A457 /* LoginViewController.xib in Resources */,
			);
			runOnlyForDeploymentPostprocessing = 0;
		};
		602495971BE88D370048A457 /* Resources */ = {
			isa = PBXResourcesBuildPhase;
			buildActionMask = 2147483647;
			files = (
			);
			runOnlyForDeploymentPostprocessing = 0;
		};
		602495A21BE88D370048A457 /* Resources */ = {
			isa = PBXResourcesBuildPhase;
			buildActionMask = 2147483647;
			files = (
			);
			runOnlyForDeploymentPostprocessing = 0;
		};
/* End PBXResourcesBuildPhase section */

/* Begin PBXShellScriptBuildPhase section */
		732A8380DADFF8817882A316 /* Check Pods Manifest.lock */ = {
			isa = PBXShellScriptBuildPhase;
			buildActionMask = 2147483647;
			files = (
			);
			inputPaths = (
			);
			name = "Check Pods Manifest.lock";
			outputPaths = (
			);
			runOnlyForDeploymentPostprocessing = 0;
			shellPath = /bin/sh;
			shellScript = "diff \"${PODS_ROOT}/../Podfile.lock\" \"${PODS_ROOT}/Manifest.lock\" > /dev/null\nif [[ $? != 0 ]] ; then\n    cat << EOM\nerror: The sandbox is not in sync with the Podfile.lock. Run 'pod install' or update your CocoaPods installation.\nEOM\n    exit 1\nfi\n";
			showEnvVarsInLog = 0;
		};
		A4248F2C56E6CC28D9021671 /* Embed Pods Frameworks */ = {
			isa = PBXShellScriptBuildPhase;
			buildActionMask = 2147483647;
			files = (
			);
			inputPaths = (
			);
			name = "Embed Pods Frameworks";
			outputPaths = (
			);
			runOnlyForDeploymentPostprocessing = 0;
			shellPath = /bin/sh;
			shellScript = "\"${SRCROOT}/Pods/Target Support Files/Pods/Pods-frameworks.sh\"\n";
			showEnvVarsInLog = 0;
		};
		FF3B9830FC38B354F5B1DC8D /* Copy Pods Resources */ = {
			isa = PBXShellScriptBuildPhase;
			buildActionMask = 2147483647;
			files = (
			);
			inputPaths = (
			);
			name = "Copy Pods Resources";
			outputPaths = (
			);
			runOnlyForDeploymentPostprocessing = 0;
			shellPath = /bin/sh;
			shellScript = "\"${SRCROOT}/Pods/Target Support Files/Pods/Pods-resources.sh\"\n";
			showEnvVarsInLog = 0;
		};
/* End PBXShellScriptBuildPhase section */

/* Begin PBXSourcesBuildPhase section */
		6024957C1BE88D360048A457 /* Sources */ = {
			isa = PBXSourcesBuildPhase;
			buildActionMask = 2147483647;
			files = (
				602495C01BE88FEE0048A457 /* TwitterClient.m in Sources */,
				602495881BE88D360048A457 /* AppDelegate.m in Sources */,
				602495C71BE960BC0048A457 /* User.m in Sources */,
				60050C9C1BEEE17300581CC3 /* ComposeViewController.m in Sources */,
				602495C41BE960A60048A457 /* Tweet.m in Sources */,
				602495851BE88D360048A457 /* main.m in Sources */,
				60050C961BEEA39000581CC3 /* TweetDetailViewController.m in Sources */,
				602495BC1BE88EB50048A457 /* LoginViewController.m in Sources */,
				602495CB1BEB205C0048A457 /* TweetsViewController.m in Sources */,
				602495D01BEB3FE90048A457 /* TweetCell.m in Sources */,
			);
			runOnlyForDeploymentPostprocessing = 0;
		};
		602495951BE88D370048A457 /* Sources */ = {
			isa = PBXSourcesBuildPhase;
			buildActionMask = 2147483647;
			files = (
				6024959E1BE88D370048A457 /* MattwitterTests.m in Sources */,
			);
			runOnlyForDeploymentPostprocessing = 0;
		};
		602495A01BE88D370048A457 /* Sources */ = {
			isa = PBXSourcesBuildPhase;
			buildActionMask = 2147483647;
			files = (
				602495A91BE88D370048A457 /* MattwitterUITests.m in Sources */,
			);
			runOnlyForDeploymentPostprocessing = 0;
		};
/* End PBXSourcesBuildPhase section */

/* Begin PBXTargetDependency section */
		6024959B1BE88D370048A457 /* PBXTargetDependency */ = {
			isa = PBXTargetDependency;
			target = 6024957F1BE88D360048A457 /* Mattwitter */;
			targetProxy = 6024959A1BE88D370048A457 /* PBXContainerItemProxy */;
		};
		602495A61BE88D370048A457 /* PBXTargetDependency */ = {
			isa = PBXTargetDependency;
			target = 6024957F1BE88D360048A457 /* Mattwitter */;
			targetProxy = 602495A51BE88D370048A457 /* PBXContainerItemProxy */;
		};
/* End PBXTargetDependency section */

/* Begin PBXVariantGroup section */
		602495911BE88D360048A457 /* LaunchScreen.storyboard */ = {
			isa = PBXVariantGroup;
			children = (
				602495921BE88D360048A457 /* Base */,
			);
			name = LaunchScreen.storyboard;
			sourceTree = "<group>";
		};
/* End PBXVariantGroup section */

/* Begin XCBuildConfiguration section */
		602495AB1BE88D370048A457 /* Debug */ = {
			isa = XCBuildConfiguration;
			buildSettings = {
				ALWAYS_SEARCH_USER_PATHS = NO;
				CLANG_CXX_LANGUAGE_STANDARD = "gnu++0x";
				CLANG_CXX_LIBRARY = "libc++";
				CLANG_ENABLE_MODULES = YES;
				CLANG_ENABLE_OBJC_ARC = YES;
				CLANG_WARN_BOOL_CONVERSION = YES;
				CLANG_WARN_CONSTANT_CONVERSION = YES;
				CLANG_WARN_DIRECT_OBJC_ISA_USAGE = YES_ERROR;
				CLANG_WARN_EMPTY_BODY = YES;
				CLANG_WARN_ENUM_CONVERSION = YES;
				CLANG_WARN_INT_CONVERSION = YES;
				CLANG_WARN_OBJC_ROOT_CLASS = YES_ERROR;
				CLANG_WARN_UNREACHABLE_CODE = YES;
				CLANG_WARN__DUPLICATE_METHOD_MATCH = YES;
				"CODE_SIGN_IDENTITY[sdk=iphoneos*]" = "iPhone Developer";
				COPY_PHASE_STRIP = NO;
				DEBUG_INFORMATION_FORMAT = dwarf;
				ENABLE_STRICT_OBJC_MSGSEND = YES;
				ENABLE_TESTABILITY = YES;
				GCC_C_LANGUAGE_STANDARD = gnu99;
				GCC_DYNAMIC_NO_PIC = NO;
				GCC_NO_COMMON_BLOCKS = YES;
				GCC_OPTIMIZATION_LEVEL = 0;
				GCC_PREPROCESSOR_DEFINITIONS = (
					"DEBUG=1",
					"$(inherited)",
				);
				GCC_WARN_64_TO_32_BIT_CONVERSION = YES;
				GCC_WARN_ABOUT_RETURN_TYPE = YES_ERROR;
				GCC_WARN_UNDECLARED_SELECTOR = YES;
				GCC_WARN_UNINITIALIZED_AUTOS = YES_AGGRESSIVE;
				GCC_WARN_UNUSED_FUNCTION = YES;
				GCC_WARN_UNUSED_VARIABLE = YES;
				IPHONEOS_DEPLOYMENT_TARGET = 9.1;
				MTL_ENABLE_DEBUG_INFO = YES;
				ONLY_ACTIVE_ARCH = YES;
				SDKROOT = iphoneos;
			};
			name = Debug;
		};
		602495AC1BE88D370048A457 /* Release */ = {
			isa = XCBuildConfiguration;
			buildSettings = {
				ALWAYS_SEARCH_USER_PATHS = NO;
				CLANG_CXX_LANGUAGE_STANDARD = "gnu++0x";
				CLANG_CXX_LIBRARY = "libc++";
				CLANG_ENABLE_MODULES = YES;
				CLANG_ENABLE_OBJC_ARC = YES;
				CLANG_WARN_BOOL_CONVERSION = YES;
				CLANG_WARN_CONSTANT_CONVERSION = YES;
				CLANG_WARN_DIRECT_OBJC_ISA_USAGE = YES_ERROR;
				CLANG_WARN_EMPTY_BODY = YES;
				CLANG_WARN_ENUM_CONVERSION = YES;
				CLANG_WARN_INT_CONVERSION = YES;
				CLANG_WARN_OBJC_ROOT_CLASS = YES_ERROR;
				CLANG_WARN_UNREACHABLE_CODE = YES;
				CLANG_WARN__DUPLICATE_METHOD_MATCH = YES;
				"CODE_SIGN_IDENTITY[sdk=iphoneos*]" = "iPhone Developer";
				COPY_PHASE_STRIP = NO;
				DEBUG_INFORMATION_FORMAT = "dwarf-with-dsym";
				ENABLE_NS_ASSERTIONS = NO;
				ENABLE_STRICT_OBJC_MSGSEND = YES;
				GCC_C_LANGUAGE_STANDARD = gnu99;
				GCC_NO_COMMON_BLOCKS = YES;
				GCC_WARN_64_TO_32_BIT_CONVERSION = YES;
				GCC_WARN_ABOUT_RETURN_TYPE = YES_ERROR;
				GCC_WARN_UNDECLARED_SELECTOR = YES;
				GCC_WARN_UNINITIALIZED_AUTOS = YES_AGGRESSIVE;
				GCC_WARN_UNUSED_FUNCTION = YES;
				GCC_WARN_UNUSED_VARIABLE = YES;
				IPHONEOS_DEPLOYMENT_TARGET = 9.1;
				MTL_ENABLE_DEBUG_INFO = NO;
				SDKROOT = iphoneos;
				VALIDATE_PRODUCT = YES;
			};
			name = Release;
		};
		602495AE1BE88D370048A457 /* Debug */ = {
			isa = XCBuildConfiguration;
			baseConfigurationReference = BA625AF9EC68DE0C2E8A5484 /* Pods.debug.xcconfig */;
			buildSettings = {
				ASSETCATALOG_COMPILER_APPICON_NAME = AppIcon;
				INFOPLIST_FILE = Mattwitter/Info.plist;
				LD_RUNPATH_SEARCH_PATHS = "$(inherited) @executable_path/Frameworks";
				PRODUCT_BUNDLE_IDENTIFIER = edu.self.Mattwitter;
				PRODUCT_NAME = "$(TARGET_NAME)";
			};
			name = Debug;
		};
		602495AF1BE88D370048A457 /* Release */ = {
			isa = XCBuildConfiguration;
			baseConfigurationReference = ABB8EF6A1A1FD3CAB20C8AFB /* Pods.release.xcconfig */;
			buildSettings = {
				ASSETCATALOG_COMPILER_APPICON_NAME = AppIcon;
				INFOPLIST_FILE = Mattwitter/Info.plist;
				LD_RUNPATH_SEARCH_PATHS = "$(inherited) @executable_path/Frameworks";
				PRODUCT_BUNDLE_IDENTIFIER = edu.self.Mattwitter;
				PRODUCT_NAME = "$(TARGET_NAME)";
			};
			name = Release;
		};
		602495B11BE88D370048A457 /* Debug */ = {
			isa = XCBuildConfiguration;
			buildSettings = {
				BUNDLE_LOADER = "$(TEST_HOST)";
				INFOPLIST_FILE = MattwitterTests/Info.plist;
				LD_RUNPATH_SEARCH_PATHS = "$(inherited) @executable_path/Frameworks @loader_path/Frameworks";
				PRODUCT_BUNDLE_IDENTIFIER = edu.self.MattwitterTests;
				PRODUCT_NAME = "$(TARGET_NAME)";
				TEST_HOST = "$(BUILT_PRODUCTS_DIR)/Mattwitter.app/Mattwitter";
			};
			name = Debug;
		};
		602495B21BE88D370048A457 /* Release */ = {
			isa = XCBuildConfiguration;
			buildSettings = {
				BUNDLE_LOADER = "$(TEST_HOST)";
				INFOPLIST_FILE = MattwitterTests/Info.plist;
				LD_RUNPATH_SEARCH_PATHS = "$(inherited) @executable_path/Frameworks @loader_path/Frameworks";
				PRODUCT_BUNDLE_IDENTIFIER = edu.self.MattwitterTests;
				PRODUCT_NAME = "$(TARGET_NAME)";
				TEST_HOST = "$(BUILT_PRODUCTS_DIR)/Mattwitter.app/Mattwitter";
			};
			name = Release;
		};
		602495B41BE88D370048A457 /* Debug */ = {
			isa = XCBuildConfiguration;
			buildSettings = {
				INFOPLIST_FILE = MattwitterUITests/Info.plist;
				LD_RUNPATH_SEARCH_PATHS = "$(inherited) @executable_path/Frameworks @loader_path/Frameworks";
				PRODUCT_BUNDLE_IDENTIFIER = edu.self.MattwitterUITests;
				PRODUCT_NAME = "$(TARGET_NAME)";
				TEST_TARGET_NAME = Mattwitter;
				USES_XCTRUNNER = YES;
			};
			name = Debug;
		};
		602495B51BE88D370048A457 /* Release */ = {
			isa = XCBuildConfiguration;
			buildSettings = {
				INFOPLIST_FILE = MattwitterUITests/Info.plist;
				LD_RUNPATH_SEARCH_PATHS = "$(inherited) @executable_path/Frameworks @loader_path/Frameworks";
				PRODUCT_BUNDLE_IDENTIFIER = edu.self.MattwitterUITests;
				PRODUCT_NAME = "$(TARGET_NAME)";
				TEST_TARGET_NAME = Mattwitter;
				USES_XCTRUNNER = YES;
			};
			name = Release;
		};
/* End XCBuildConfiguration section */

/* Begin XCConfigurationList section */
		6024957B1BE88D360048A457 /* Build configuration list for PBXProject "Mattwitter" */ = {
			isa = XCConfigurationList;
			buildConfigurations = (
				602495AB1BE88D370048A457 /* Debug */,
				602495AC1BE88D370048A457 /* Release */,
			);
			defaultConfigurationIsVisible = 0;
			defaultConfigurationName = Release;
		};
		602495AD1BE88D370048A457 /* Build configuration list for PBXNativeTarget "Mattwitter" */ = {
			isa = XCConfigurationList;
			buildConfigurations = (
				602495AE1BE88D370048A457 /* Debug */,
				602495AF1BE88D370048A457 /* Release */,
			);
			defaultConfigurationIsVisible = 0;
			defaultConfigurationName = Release;
		};
		602495B01BE88D370048A457 /* Build configuration list for PBXNativeTarget "MattwitterTests" */ = {
			isa = XCConfigurationList;
			buildConfigurations = (
				602495B11BE88D370048A457 /* Debug */,
				602495B21BE88D370048A457 /* Release */,
			);
			defaultConfigurationIsVisible = 0;
			defaultConfigurationName = Release;
		};
		602495B31BE88D370048A457 /* Build configuration list for PBXNativeTarget "MattwitterUITests" */ = {
			isa = XCConfigurationList;
			buildConfigurations = (
				602495B41BE88D370048A457 /* Debug */,
				602495B51BE88D370048A457 /* Release */,
			);
			defaultConfigurationIsVisible = 0;
			defaultConfigurationName = Release;
		};
/* End XCConfigurationList section */
	};
	rootObject = 602495781BE88D360048A457 /* Project object */;
}
